
Microsoft Visual Studio Solution File, Format Version 12.00
# Visual Studio 14
VisualStudioVersion = 14.0.25420.1
MinimumVisualStudioVersion = 10.0.40219.1
Project("{FAE04EC0-301F-11D3-BF4B-00C04F79EFBC}") = "Lorenz_Attractors", "Lorenz Attractors\Lorenz_Attractors\Lorenz_Attractors.csproj", "{64F4B9EC-C9B6-411C-BD30-8C205FD3AD43}"
EndProject
Project("{FAE04EC0-301F-11D3-BF4B-00C04F79EFBC}") = "Lorenz_AttractorsContent", "Lorenz Attractors\Lorenz_AttractorsContent\Lorenz_AttractorsContent.contentproj", "{952767C4-F6C7-4355-BB68-7F2EBD0B3CB4}"
EndProject
Global
	GlobalSection(SolutionConfigurationPlatforms) = preSolution
		Debug|x86 = Debug|x86
		Release|x86 = Release|x86
	EndGlobalSection
	GlobalSection(ProjectConfigurationPlatforms) = postSolution
		{64F4B9EC-C9B6-411C-BD30-8C205FD3AD43}.Debug|x86.ActiveCfg = Debug|x86
		{64F4B9EC-C9B6-411C-BD30-8C205FD3AD43}.Debug|x86.Build.0 = Debug|x86
		{64F4B9EC-C9B6-411C-BD30-8C205FD3AD43}.Release|x86.ActiveCfg = Release|x86
		{64F4B9EC-C9B6-411C-BD30-8C205FD3AD43}.Release|x86.Build.0 = Release|x86
		{952767C4-F6C7-4355-BB68-7F2EBD0B3CB4}.Debug|x86.ActiveCfg = Debug|x86
		{952767C4-F6C7-4355-BB68-7F2EBD0B3CB4}.Release|x86.ActiveCfg = Release|x86
	EndGlobalSection
	GlobalSection(SolutionProperties) = preSolution
		HideSolutionNode = FALSE
	EndGlobalSection
EndGlobal
